# THIS IS AN AUTOGENERATED FILE. DO NOT EDIT THIS FILE DIRECTLY.
# yarn lockfile v1


cross-fetch@2.0.0:
  version "2.0.0"
  resolved "https://registry.yarnpkg.com/cross-fetch/-/cross-fetch-2.0.0.tgz#a17475449561e0f325146cea636a8619efb9b382"
  dependencies:
    node-fetch "2.0.0"
    whatwg-fetch "2.0.3"

graphql-request@^1.6.0:
  version "1.6.0"
  resolved "https://registry.yarnpkg.com/graphql-request/-/graphql-request-1.6.0.tgz#afe87cf2a336acabb0cc2a875900202eda89f412"
  dependencies:
    cross-fetch "2.0.0"

node-fetch@2.0.0:
  version "2.0.0"
  resolved "https://registry.yarnpkg.com/node-fetch/-/node-fetch-2.0.0.tgz#982bba43ecd4f2922a29cc186a6bbb0bb73fcba6"

whatwg-fetch@2.0.3:
  version "2.0.3"
  resolved "https://registry.yarnpkg.com/whatwg-fetch/-/whatwg-fetch-2.0.3.tgz#9c84ec2dcf68187ff00bc64e1274b442176e1c84"
